
Microsoft Visual Studio Solution File, Format Version 12.00
# Visual Studio Version 17
VisualStudioVersion = 17.9.34701.34
MinimumVisualStudioVersion = 10.0.40219.1
Project("{FAE04EC0-301F-11D3-BF4B-00C04F79EFBC}") = "SpotiHigherLowerApp", "SpotiHigherLowerApp\SpotiHigherLowerApp.csproj", "{E892B02F-DB09-4A9F-8FAD-7B30439E8AFD}"
EndProject
Global
	GlobalSection(SolutionConfigurationPlatforms) = preSolution
		Debug|Any CPU = Debug|Any CPU
		Release|Any CPU = Release|Any CPU
	EndGlobalSection
	GlobalSection(ProjectConfigurationPlatforms) = postSolution
		{E892B02F-DB09-4A9F-8FAD-7B30439E8AFD}.Debug|Any CPU.ActiveCfg = Debug|Any CPU
		{E892B02F-DB09-4A9F-8FAD-7B30439E8AFD}.Debug|Any CPU.Build.0 = Debug|Any CPU
		{E892B02F-DB09-4A9F-8FAD-7B30439E8AFD}.Release|Any CPU.ActiveCfg = Release|Any CPU
		{E892B02F-DB09-4A9F-8FAD-7B30439E8AFD}.Release|Any CPU.Build.0 = Release|Any CPU
	EndGlobalSection
	GlobalSection(SolutionProperties) = preSolution
		HideSolutionNode = FALSE
	EndGlobalSection
	GlobalSection(ExtensibilityGlobals) = postSolution
		SolutionGuid = {0A2F32D9-17AD-4EED-B5AE-0B3463C1E489}
	EndGlobalSection
EndGlobal
